
Microsoft Visual Studio Solution File, Format Version 12.00
# Visual Studio 15
VisualStudioVersion = 15.0.28307.902
MinimumVisualStudioVersion = 10.0.40219.1
Project("{FAE04EC0-301F-11D3-BF4B-00C04F79EFBC}") = "_1TypyGeneryczne", "_1TypyGeneryczne\_1TypyGeneryczne.csproj", "{3CF49A1A-5A41-4170-B950-882B5EB173E8}"
EndProject
Project("{FAE04EC0-301F-11D3-BF4B-00C04F79EFBC}") = "2_KolekcjeGeneryczne", "2_KolekcjeGeneryczne\2_KolekcjeGeneryczne.csproj", "{3BD683C4-D59B-41B9-B4E7-1E24311F870E}"
EndProject
Project("{FAE04EC0-301F-11D3-BF4B-00C04F79EFBC}") = "_1TypyGeneryczneTest", "_1TypyGeneryczneTest\_1TypyGeneryczneTest.csproj", "{441B4143-8C2A-470F-9133-499399CC9FE1}"
EndProject
Project("{FAE04EC0-301F-11D3-BF4B-00C04F79EFBC}") = "2_KolekcjeGeneryczneTests", "2_KolekcjeGeneryczneTests\2_KolekcjeGeneryczneTests.csproj", "{FDC316B1-29F0-4E9D-B17F-A29A3891EF82}"
EndProject
Global
	GlobalSection(SolutionConfigurationPlatforms) = preSolution
		Debug|Any CPU = Debug|Any CPU
		Release|Any CPU = Release|Any CPU
	EndGlobalSection
	GlobalSection(ProjectConfigurationPlatforms) = postSolution
		{3CF49A1A-5A41-4170-B950-882B5EB173E8}.Debug|Any CPU.ActiveCfg = Debug|Any CPU
		{3CF49A1A-5A41-4170-B950-882B5EB173E8}.Debug|Any CPU.Build.0 = Debug|Any CPU
		{3CF49A1A-5A41-4170-B950-882B5EB173E8}.Release|Any CPU.ActiveCfg = Release|Any CPU
		{3CF49A1A-5A41-4170-B950-882B5EB173E8}.Release|Any CPU.Build.0 = Release|Any CPU
		{3BD683C4-D59B-41B9-B4E7-1E24311F870E}.Debug|Any CPU.ActiveCfg = Debug|Any CPU
		{3BD683C4-D59B-41B9-B4E7-1E24311F870E}.Debug|Any CPU.Build.0 = Debug|Any CPU
		{3BD683C4-D59B-41B9-B4E7-1E24311F870E}.Release|Any CPU.ActiveCfg = Release|Any CPU
		{3BD683C4-D59B-41B9-B4E7-1E24311F870E}.Release|Any CPU.Build.0 = Release|Any CPU
		{441B4143-8C2A-470F-9133-499399CC9FE1}.Debug|Any CPU.ActiveCfg = Debug|Any CPU
		{441B4143-8C2A-470F-9133-499399CC9FE1}.Debug|Any CPU.Build.0 = Debug|Any CPU
		{441B4143-8C2A-470F-9133-499399CC9FE1}.Release|Any CPU.ActiveCfg = Release|Any CPU
		{441B4143-8C2A-470F-9133-499399CC9FE1}.Release|Any CPU.Build.0 = Release|Any CPU
		{FDC316B1-29F0-4E9D-B17F-A29A3891EF82}.Debug|Any CPU.ActiveCfg = Debug|Any CPU
		{FDC316B1-29F0-4E9D-B17F-A29A3891EF82}.Debug|Any CPU.Build.0 = Debug|Any CPU
		{FDC316B1-29F0-4E9D-B17F-A29A3891EF82}.Release|Any CPU.ActiveCfg = Release|Any CPU
		{FDC316B1-29F0-4E9D-B17F-A29A3891EF82}.Release|Any CPU.Build.0 = Release|Any CPU
	EndGlobalSection
	GlobalSection(SolutionProperties) = preSolution
		HideSolutionNode = FALSE
	EndGlobalSection
	GlobalSection(ExtensibilityGlobals) = postSolution
		SolutionGuid = {2DC100C6-C44B-4041-8537-BFB6F2EF1169}
	EndGlobalSection
EndGlobal
